// !$*UTF8*$!
{
	archiveVersion = 1;
	classes = {
	};
	objectVersion = 48;
	objects = {

/* Begin PBXBuildFile section */
		A7380263202268880040B426 /* GenreTableViewCell.swift in Sources */ = {isa = PBXBuildFile; fileRef = A7380262202268880040B426 /* GenreTableViewCell.swift */; };
		A738026720226C6C0040B426 /* GenreTableViewController.swift in Sources */ = {isa = PBXBuildFile; fileRef = A738026620226C6C0040B426 /* GenreTableViewController.swift */; };
		A738026920226C980040B426 /* Genre.swift in Sources */ = {isa = PBXBuildFile; fileRef = A738026820226C980040B426 /* Genre.swift */; };
		A738026B202276450040B426 /* ActorTableViewCell.swift in Sources */ = {isa = PBXBuildFile; fileRef = A738026A202276450040B426 /* ActorTableViewCell.swift */; };
		A738026D2022777A0040B426 /* ActorTableViewController.swift in Sources */ = {isa = PBXBuildFile; fileRef = A738026C2022777A0040B426 /* ActorTableViewController.swift */; };
		A738026F202277B30040B426 /* Actor.swift in Sources */ = {isa = PBXBuildFile; fileRef = A738026E202277B30040B426 /* Actor.swift */; };
		A7B09CBC201D2C9F00099D3E /* AppDelegate.swift in Sources */ = {isa = PBXBuildFile; fileRef = A7B09CBB201D2C9F00099D3E /* AppDelegate.swift */; };
		A7B09CBE201D2C9F00099D3E /* ViewController.swift in Sources */ = {isa = PBXBuildFile; fileRef = A7B09CBD201D2C9F00099D3E /* ViewController.swift */; };
		A7B09CC1201D2C9F00099D3E /* Main.storyboard in Resources */ = {isa = PBXBuildFile; fileRef = A7B09CBF201D2C9F00099D3E /* Main.storyboard */; };
		A7B09CC3201D2C9F00099D3E /* Assets.xcassets in Resources */ = {isa = PBXBuildFile; fileRef = A7B09CC2201D2C9F00099D3E /* Assets.xcassets */; };
		A7B09CC6201D2C9F00099D3E /* LaunchScreen.storyboard in Resources */ = {isa = PBXBuildFile; fileRef = A7B09CC4201D2C9F00099D3E /* LaunchScreen.storyboard */; };
/* End PBXBuildFile section */

/* Begin PBXFileReference section */
		A7380262202268880040B426 /* GenreTableViewCell.swift */ = {isa = PBXFileReference; lastKnownFileType = sourcecode.swift; path = GenreTableViewCell.swift; sourceTree = "<group>"; };
		A738026620226C6C0040B426 /* GenreTableViewController.swift */ = {isa = PBXFileReference; lastKnownFileType = sourcecode.swift; path = GenreTableViewController.swift; sourceTree = "<group>"; };
		A738026820226C980040B426 /* Genre.swift */ = {isa = PBXFileReference; lastKnownFileType = sourcecode.swift; path = Genre.swift; sourceTree = "<group>"; };
		A738026A202276450040B426 /* ActorTableViewCell.swift */ = {isa = PBXFileReference; lastKnownFileType = sourcecode.swift; path = ActorTableViewCell.swift; sourceTree = "<group>"; };
		A738026C2022777A0040B426 /* ActorTableViewController.swift */ = {isa = PBXFileReference; lastKnownFileType = sourcecode.swift; path = ActorTableViewController.swift; sourceTree = "<group>"; };
		A738026E202277B30040B426 /* Actor.swift */ = {isa = PBXFileReference; lastKnownFileType = sourcecode.swift; path = Actor.swift; sourceTree = "<group>"; };
		A7B09CB8201D2C9F00099D3E /* Movie Night.app */ = {isa = PBXFileReference; explicitFileType = wrapper.application; includeInIndex = 0; path = "Movie Night.app"; sourceTree = BUILT_PRODUCTS_DIR; };
		A7B09CBB201D2C9F00099D3E /* AppDelegate.swift */ = {isa = PBXFileReference; lastKnownFileType = sourcecode.swift; path = AppDelegate.swift; sourceTree = "<group>"; };
		A7B09CBD201D2C9F00099D3E /* ViewController.swift */ = {isa = PBXFileReference; lastKnownFileType = sourcecode.swift; path = ViewController.swift; sourceTree = "<group>"; };
		A7B09CC0201D2C9F00099D3E /* Base */ = {isa = PBXFileReference; lastKnownFileType = file.storyboard; name = Base; path = Base.lproj/Main.storyboard; sourceTree = "<group>"; };
		A7B09CC2201D2C9F00099D3E /* Assets.xcassets */ = {isa = PBXFileReference; lastKnownFileType = folder.assetcatalog; path = Assets.xcassets; sourceTree = "<group>"; };
		A7B09CC5201D2C9F00099D3E /* Base */ = {isa = PBXFileReference; lastKnownFileType = file.storyboard; name = Base; path = Base.lproj/LaunchScreen.storyboard; sourceTree = "<group>"; };
		A7B09CC7201D2C9F00099D3E /* Info.plist */ = {isa = PBXFileReference; lastKnownFileType = text.plist.xml; path = Info.plist; sourceTree = "<group>"; };
/* End PBXFileReference section */

/* Begin PBXFrameworksBuildPhase section */
		A7B09CB5201D2C9F00099D3E /* Frameworks */ = {
			isa = PBXFrameworksBuildPhase;
			buildActionMask = 2147483647;
			files = (
			);
			runOnlyForDeploymentPostprocessing = 0;
		};
/* End PBXFrameworksBuildPhase section */

/* Begin PBXGroup section */
		A7B09CAF201D2C9F00099D3E = {
			isa = PBXGroup;
			children = (
				A7B09CBA201D2C9F00099D3E /* Movie Night */,
				A7B09CB9201D2C9F00099D3E /* Products */,
			);
			sourceTree = "<group>";
		};
		A7B09CB9201D2C9F00099D3E /* Products */ = {
			isa = PBXGroup;
			children = (
				A7B09CB8201D2C9F00099D3E /* Movie Night.app */,
			);
			name = Products;
			sourceTree = "<group>";
		};
		A7B09CBA201D2C9F00099D3E /* Movie Night */ = {
			isa = PBXGroup;
			children = (
				A7B09CBB201D2C9F00099D3E /* AppDelegate.swift */,
				A7B09CBD201D2C9F00099D3E /* ViewController.swift */,
				A738026620226C6C0040B426 /* GenreTableViewController.swift */,
				A738026C2022777A0040B426 /* ActorTableViewController.swift */,
				A7380262202268880040B426 /* GenreTableViewCell.swift */,
				A738026A202276450040B426 /* ActorTableViewCell.swift */,
				A738026820226C980040B426 /* Genre.swift */,
				A738026E202277B30040B426 /* Actor.swift */,
				A7B09CBF201D2C9F00099D3E /* Main.storyboard */,
				A7B09CC2201D2C9F00099D3E /* Assets.xcassets */,
				A7B09CC4201D2C9F00099D3E /* LaunchScreen.storyboard */,
				A7B09CC7201D2C9F00099D3E /* Info.plist */,
			);
			path = "Movie Night";
			sourceTree = "<group>";
		};
/* End PBXGroup section */

/* Begin PBXNativeTarget section */
		A7B09CB7201D2C9F00099D3E /* Movie Night */ = {
			isa = PBXNativeTarget;
			buildConfigurationList = A7B09CCA201D2C9F00099D3E /* Build configuration list for PBXNativeTarget "Movie Night" */;
			buildPhases = (
				A7B09CB4201D2C9F00099D3E /* Sources */,
				A7B09CB5201D2C9F00099D3E /* Frameworks */,
				A7B09CB6201D2C9F00099D3E /* Resources */,
			);
			buildRules = (
			);
			dependencies = (
			);
			name = "Movie Night";
			productName = "Movie Night";
			productReference = A7B09CB8201D2C9F00099D3E /* Movie Night.app */;
			productType = "com.apple.product-type.application";
		};
/* End PBXNativeTarget section */

/* Begin PBXProject section */
		A7B09CB0201D2C9F00099D3E /* Project object */ = {
			isa = PBXProject;
			attributes = {
				LastSwiftUpdateCheck = 0920;
				LastUpgradeCheck = 0920;
				ORGANIZATIONNAME = "Garrett Votaw";
				TargetAttributes = {
					A7B09CB7201D2C9F00099D3E = {
						CreatedOnToolsVersion = 9.2;
						ProvisioningStyle = Automatic;
					};
				};
			};
			buildConfigurationList = A7B09CB3201D2C9F00099D3E /* Build configuration list for PBXProject "Movie Night" */;
			compatibilityVersion = "Xcode 8.0";
			developmentRegion = en;
			hasScannedForEncodings = 0;
			knownRegions = (
				en,
				Base,
			);
			mainGroup = A7B09CAF201D2C9F00099D3E;
			productRefGroup = A7B09CB9201D2C9F00099D3E /* Products */;
			projectDirPath = "";
			projectRoot = "";
			targets = (
				A7B09CB7201D2C9F00099D3E /* Movie Night */,
			);
		};
/* End PBXProject section */

/* Begin PBXResourcesBuildPhase section */
		A7B09CB6201D2C9F00099D3E /* Resources */ = {
			isa = PBXResourcesBuildPhase;
			buildActionMask = 2147483647;
			files = (
				A7B09CC6201D2C9F00099D3E /* LaunchScreen.storyboard in Resources */,
				A7B09CC3201D2C9F00099D3E /* Assets.xcassets in Resources */,
				A7B09CC1201D2C9F00099D3E /* Main.storyboard in Resources */,
			);
			runOnlyForDeploymentPostprocessing = 0;
		};
/* End PBXResourcesBuildPhase section */

/* Begin PBXSourcesBuildPhase section */
		A7B09CB4201D2C9F00099D3E /* Sources */ = {
			isa = PBXSourcesBuildPhase;
			buildActionMask = 2147483647;
			files = (
				A738026D2022777A0040B426 /* ActorTableViewController.swift in Sources */,
				A7B09CBE201D2C9F00099D3E /* ViewController.swift in Sources */,
				A738026B202276450040B426 /* ActorTableViewCell.swift in Sources */,
				A738026720226C6C0040B426 /* GenreTableViewController.swift in Sources */,
				A7B09CBC201D2C9F00099D3E /* AppDelegate.swift in Sources */,
				A7380263202268880040B426 /* GenreTableViewCell.swift in Sources */,
				A738026920226C980040B426 /* Genre.swift in Sources */,
				A738026F202277B30040B426 /* Actor.swift in Sources */,
			);
			runOnlyForDeploymentPostprocessing = 0;
		};
/* End PBXSourcesBuildPhase section */

/* Begin PBXVariantGroup section */
		A7B09CBF201D2C9F00099D3E /* Main.storyboard */ = {
			isa = PBXVariantGroup;
			children = (
				A7B09CC0201D2C9F00099D3E /* Base */,
			);
			name = Main.storyboard;
			sourceTree = "<group>";
		};
		A7B09CC4201D2C9F00099D3E /* LaunchScreen.storyboard */ = {
			isa = PBXVariantGroup;
			children = (
				A7B09CC5201D2C9F00099D3E /* Base */,
			);
			name = LaunchScreen.storyboard;
			sourceTree = "<group>";
		};
/* End PBXVariantGroup section */

/* Begin XCBuildConfiguration section */
		A7B09CC8201D2C9F00099D3E /* Debug */ = {
			isa = XCBuildConfiguration;
			buildSettings = {
				ALWAYS_SEARCH_USER_PATHS = NO;
				CLANG_ANALYZER_NONNULL = YES;
				CLANG_ANALYZER_NUMBER_OBJECT_CONVERSION = YES_AGGRESSIVE;
				CLANG_CXX_LANGUAGE_STANDARD = "gnu++14";
				CLANG_CXX_LIBRARY = "libc++";
				CLANG_ENABLE_MODULES = YES;
				CLANG_ENABLE_OBJC_ARC = YES;
				CLANG_WARN_BLOCK_CAPTURE_AUTORELEASING = YES;
				CLANG_WARN_BOOL_CONVERSION = YES;
				CLANG_WARN_COMMA = YES;
				CLANG_WARN_CONSTANT_CONVERSION = YES;
				CLANG_WARN_DIRECT_OBJC_ISA_USAGE = YES_ERROR;
				CLANG_WARN_DOCUMENTATION_COMMENTS = YES;
				CLANG_WARN_EMPTY_BODY = YES;
				CLANG_WARN_ENUM_CONVERSION = YES;
				CLANG_WARN_INFINITE_RECURSION = YES;
				CLANG_WARN_INT_CONVERSION = YES;
				CLANG_WARN_NON_LITERAL_NULL_CONVERSION = YES;
				CLANG_WARN_OBJC_LITERAL_CONVERSION = YES;
				CLANG_WARN_OBJC_ROOT_CLASS = YES_ERROR;
				CLANG_WARN_RANGE_LOOP_ANALYSIS = YES;
				CLANG_WARN_STRICT_PROTOTYPES = YES;
				CLANG_WARN_SUSPICIOUS_MOVE = YES;
				CLANG_WARN_UNGUARDED_AVAILABILITY = YES_AGGRESSIVE;
				CLANG_WARN_UNREACHABLE_CODE = YES;
				CLANG_WARN__DUPLICATE_METHOD_MATCH = YES;
				CODE_SIGN_IDENTITY = "iPhone Developer";
				COPY_PHASE_STRIP = NO;
				DEBUG_INFORMATION_FORMAT = dwarf;
				ENABLE_STRICT_OBJC_MSGSEND = YES;
				ENABLE_TESTABILITY = YES;
				GCC_C_LANGUAGE_STANDARD = gnu11;
				GCC_DYNAMIC_NO_PIC = NO;
				GCC_NO_COMMON_BLOCKS = YES;
				GCC_OPTIMIZATION_LEVEL = 0;
				GCC_PREPROCESSOR_DEFINITIONS = (
					"DEBUG=1",
					"$(inherited)",
				);
				GCC_WARN_64_TO_32_BIT_CONVERSION = YES;
				GCC_WARN_ABOUT_RETURN_TYPE = YES_ERROR;
				GCC_WARN_UNDECLARED_SELECTOR = YES;
				GCC_WARN_UNINITIALIZED_AUTOS = YES_AGGRESSIVE;
				GCC_WARN_UNUSED_FUNCTION = YES;
				GCC_WARN_UNUSED_VARIABLE = YES;
				IPHONEOS_DEPLOYMENT_TARGET = 11.2;
				MTL_ENABLE_DEBUG_INFO = YES;
				ONLY_ACTIVE_ARCH = YES;
				SDKROOT = iphoneos;
				SWIFT_ACTIVE_COMPILATION_CONDITIONS = DEBUG;
				SWIFT_OPTIMIZATION_LEVEL = "-Onone";
			};
			name = Debug;
		};
		A7B09CC9201D2C9F00099D3E /* Release */ = {
			isa = XCBuildConfiguration;
			buildSettings = {
				ALWAYS_SEARCH_USER_PATHS = NO;
				CLANG_ANALYZER_NONNULL = YES;
				CLANG_ANALYZER_NUMBER_OBJECT_CONVERSION = YES_AGGRESSIVE;
				CLANG_CXX_LANGUAGE_STANDARD = "gnu++14";
				CLANG_CXX_LIBRARY = "libc++";
				CLANG_ENABLE_MODULES = YES;
				CLANG_ENABLE_OBJC_ARC = YES;
				CLANG_WARN_BLOCK_CAPTURE_AUTORELEASING = YES;
				CLANG_WARN_BOOL_CONVERSION = YES;
				CLANG_WARN_COMMA = YES;
				CLANG_WARN_CONSTANT_CONVERSION = YES;
				CLANG_WARN_DIRECT_OBJC_ISA_USAGE = YES_ERROR;
				CLANG_WARN_DOCUMENTATION_COMMENTS = YES;
				CLANG_WARN_EMPTY_BODY = YES;
				CLANG_WARN_ENUM_CONVERSION = YES;
				CLANG_WARN_INFINITE_RECURSION = YES;
				CLANG_WARN_INT_CONVERSION = YES;
				CLANG_WARN_NON_LITERAL_NULL_CONVERSION = YES;
				CLANG_WARN_OBJC_LITERAL_CONVERSION = YES;
				CLANG_WARN_OBJC_ROOT_CLASS = YES_ERROR;
				CLANG_WARN_RANGE_LOOP_ANALYSIS = YES;
				CLANG_WARN_STRICT_PROTOTYPES = YES;
				CLANG_WARN_SUSPICIOUS_MOVE = YES;
				CLANG_WARN_UNGUARDED_AVAILABILITY = YES_AGGRESSIVE;
				CLANG_WARN_UNREACHABLE_CODE = YES;
				CLANG_WARN__DUPLICATE_METHOD_MATCH = YES;
				CODE_SIGN_IDENTITY = "iPhone Developer";
				COPY_PHASE_STRIP = NO;
				DEBUG_INFORMATION_FORMAT = "dwarf-with-dsym";
				ENABLE_NS_ASSERTIONS = NO;
				ENABLE_STRICT_OBJC_MSGSEND = YES;
				GCC_C_LANGUAGE_STANDARD = gnu11;
				GCC_NO_COMMON_BLOCKS = YES;
				GCC_WARN_64_TO_32_BIT_CONVERSION = YES;
				GCC_WARN_ABOUT_RETURN_TYPE = YES_ERROR;
				GCC_WARN_UNDECLARED_SELECTOR = YES;
				GCC_WARN_UNINITIALIZED_AUTOS = YES_AGGRESSIVE;
				GCC_WARN_UNUSED_FUNCTION = YES;
				GCC_WARN_UNUSED_VARIABLE = YES;
				IPHONEOS_DEPLOYMENT_TARGET = 11.2;
				MTL_ENABLE_DEBUG_INFO = NO;
				SDKROOT = iphoneos;
				SWIFT_OPTIMIZATION_LEVEL = "-Owholemodule";
				VALIDATE_PRODUCT = YES;
			};
			name = Release;
		};
		A7B09CCB201D2C9F00099D3E /* Debug */ = {
			isa = XCBuildConfiguration;
			buildSettings = {
				ASSETCATALOG_COMPILER_APPICON_NAME = AppIcon;
				CODE_SIGN_STYLE = Automatic;
				DEVELOPMENT_TEAM = 2J2B92S4Z7;
				INFOPLIST_FILE = "Movie Night/Info.plist";
				LD_RUNPATH_SEARCH_PATHS = "$(inherited) @executable_path/Frameworks";
				PRODUCT_BUNDLE_IDENTIFIER = "org.votaw.Movie-Night";
				PRODUCT_NAME = "$(TARGET_NAME)";
				SWIFT_VERSION = 4.0;
				TARGETED_DEVICE_FAMILY = "1,2";
			};
			name = Debug;
		};
		A7B09CCC201D2C9F00099D3E /* Release */ = {
			isa = XCBuildConfiguration;
			buildSettings = {
				ASSETCATALOG_COMPILER_APPICON_NAME = AppIcon;
				CODE_SIGN_STYLE = Automatic;
				DEVELOPMENT_TEAM = 2J2B92S4Z7;
				INFOPLIST_FILE = "Movie Night/Info.plist";
				LD_RUNPATH_SEARCH_PATHS = "$(inherited) @executable_path/Frameworks";
				PRODUCT_BUNDLE_IDENTIFIER = "org.votaw.Movie-Night";
				PRODUCT_NAME = "$(TARGET_NAME)";
				SWIFT_VERSION = 4.0;
				TARGETED_DEVICE_FAMILY = "1,2";
			};
			name = Release;
		};
/* End XCBuildConfiguration section */

/* Begin XCConfigurationList section */
		A7B09CB3201D2C9F00099D3E /* Build configuration list for PBXProject "Movie Night" */ = {
			isa = XCConfigurationList;
			buildConfigurations = (
				A7B09CC8201D2C9F00099D3E /* Debug */,
				A7B09CC9201D2C9F00099D3E /* Release */,
			);
			defaultConfigurationIsVisible = 0;
			defaultConfigurationName = Release;
		};
		A7B09CCA201D2C9F00099D3E /* Build configuration list for PBXNativeTarget "Movie Night" */ = {
			isa = XCConfigurationList;
			buildConfigurations = (
				A7B09CCB201D2C9F00099D3E /* Debug */,
				A7B09CCC201D2C9F00099D3E /* Release */,
			);
			defaultConfigurationIsVisible = 0;
			defaultConfigurationName = Release;
		};
/* End XCConfigurationList section */
	};
	rootObject = A7B09CB0201D2C9F00099D3E /* Project object */;
}
